
Microsoft Visual Studio Solution File, Format Version 12.00
# Visual Studio Version 17
VisualStudioVersion = 17.11.35219.272
MinimumVisualStudioVersion = 10.0.40219.1
Project("{FAE04EC0-301F-11D3-BF4B-00C04F79EFBC}") = "1", "1.csproj", "{AA71D1A5-79F0-4285-BC8B-40A5D3FF861F}"
EndProject
Global
	GlobalSection(SolutionConfigurationPlatforms) = preSolution
		Debug|Any CPU = Debug|Any CPU
		Release|Any CPU = Release|Any CPU
	EndGlobalSection
	GlobalSection(ProjectConfigurationPlatforms) = postSolution
		{AA71D1A5-79F0-4285-BC8B-40A5D3FF861F}.Debug|Any CPU.ActiveCfg = Debug|Any CPU
		{AA71D1A5-79F0-4285-BC8B-40A5D3FF861F}.Debug|Any CPU.Build.0 = Debug|Any CPU
		{AA71D1A5-79F0-4285-BC8B-40A5D3FF861F}.Release|Any CPU.ActiveCfg = Release|Any CPU
		{AA71D1A5-79F0-4285-BC8B-40A5D3FF861F}.Release|Any CPU.Build.0 = Release|Any CPU
	EndGlobalSection
	GlobalSection(SolutionProperties) = preSolution
		HideSolutionNode = FALSE
	EndGlobalSection
	GlobalSection(ExtensibilityGlobals) = postSolution
		SolutionGuid = {D209D3E5-9B11-4D4C-A4F1-C9C938E00828}
	EndGlobalSection
EndGlobal
