
Microsoft Visual Studio Solution File, Format Version 12.00
# Visual Studio Version 17
VisualStudioVersion = 17.11.35219.272
MinimumVisualStudioVersion = 10.0.40219.1
Project("{FAE04EC0-301F-11D3-BF4B-00C04F79EFBC}") = "3", "3.csproj", "{8A507EF2-5883-4937-A7AF-873EA75DE7AB}"
EndProject
Global
	GlobalSection(SolutionConfigurationPlatforms) = preSolution
		Debug|Any CPU = Debug|Any CPU
		Release|Any CPU = Release|Any CPU
	EndGlobalSection
	GlobalSection(ProjectConfigurationPlatforms) = postSolution
		{8A507EF2-5883-4937-A7AF-873EA75DE7AB}.Debug|Any CPU.ActiveCfg = Debug|Any CPU
		{8A507EF2-5883-4937-A7AF-873EA75DE7AB}.Debug|Any CPU.Build.0 = Debug|Any CPU
		{8A507EF2-5883-4937-A7AF-873EA75DE7AB}.Release|Any CPU.ActiveCfg = Release|Any CPU
		{8A507EF2-5883-4937-A7AF-873EA75DE7AB}.Release|Any CPU.Build.0 = Release|Any CPU
	EndGlobalSection
	GlobalSection(SolutionProperties) = preSolution
		HideSolutionNode = FALSE
	EndGlobalSection
	GlobalSection(ExtensibilityGlobals) = postSolution
		SolutionGuid = {7FBB238C-52E9-4434-9204-9165A3EEC68A}
	EndGlobalSection
EndGlobal
