
Microsoft Visual Studio Solution File, Format Version 12.00
# Visual Studio Version 17
VisualStudioVersion = 17.11.35219.272
MinimumVisualStudioVersion = 10.0.40219.1
Project("{FAE04EC0-301F-11D3-BF4B-00C04F79EFBC}") = "1", "1.csproj", "{4342AA4A-ED9D-4588-99E1-37823A742784}"
EndProject
Global
	GlobalSection(SolutionConfigurationPlatforms) = preSolution
		Debug|Any CPU = Debug|Any CPU
		Release|Any CPU = Release|Any CPU
	EndGlobalSection
	GlobalSection(ProjectConfigurationPlatforms) = postSolution
		{4342AA4A-ED9D-4588-99E1-37823A742784}.Debug|Any CPU.ActiveCfg = Debug|Any CPU
		{4342AA4A-ED9D-4588-99E1-37823A742784}.Debug|Any CPU.Build.0 = Debug|Any CPU
		{4342AA4A-ED9D-4588-99E1-37823A742784}.Release|Any CPU.ActiveCfg = Release|Any CPU
		{4342AA4A-ED9D-4588-99E1-37823A742784}.Release|Any CPU.Build.0 = Release|Any CPU
	EndGlobalSection
	GlobalSection(SolutionProperties) = preSolution
		HideSolutionNode = FALSE
	EndGlobalSection
	GlobalSection(ExtensibilityGlobals) = postSolution
		SolutionGuid = {48D8BF11-BF50-41F0-A4FA-D69ACBC6095C}
	EndGlobalSection
EndGlobal
