
Microsoft Visual Studio Solution File, Format Version 12.00
# Visual Studio Version 17
VisualStudioVersion = 17.11.35219.272
MinimumVisualStudioVersion = 10.0.40219.1
Project("{FAE04EC0-301F-11D3-BF4B-00C04F79EFBC}") = "3", "3.csproj", "{588840AE-EDA5-4103-88C5-EFBD6B38443F}"
EndProject
Global
	GlobalSection(SolutionConfigurationPlatforms) = preSolution
		Debug|Any CPU = Debug|Any CPU
		Release|Any CPU = Release|Any CPU
	EndGlobalSection
	GlobalSection(ProjectConfigurationPlatforms) = postSolution
		{588840AE-EDA5-4103-88C5-EFBD6B38443F}.Debug|Any CPU.ActiveCfg = Debug|Any CPU
		{588840AE-EDA5-4103-88C5-EFBD6B38443F}.Debug|Any CPU.Build.0 = Debug|Any CPU
		{588840AE-EDA5-4103-88C5-EFBD6B38443F}.Release|Any CPU.ActiveCfg = Release|Any CPU
		{588840AE-EDA5-4103-88C5-EFBD6B38443F}.Release|Any CPU.Build.0 = Release|Any CPU
	EndGlobalSection
	GlobalSection(SolutionProperties) = preSolution
		HideSolutionNode = FALSE
	EndGlobalSection
	GlobalSection(ExtensibilityGlobals) = postSolution
		SolutionGuid = {0885844E-91D3-4CCC-9033-F40F378722B4}
	EndGlobalSection
EndGlobal
